
Microsoft Visual Studio Solution File, Format Version 12.00
# Visual Studio Version 17
VisualStudioVersion = 17.5.002.0
MinimumVisualStudioVersion = 10.0.40219.1
Project("{9A19103F-16F7-4668-BE54-9A1E7A4F7556}") = "Develop03", "Develop03.csproj", "{72116948-9FC4-438F-AA5E-804F4BAFB7B9}"
EndProject
Global
	GlobalSection(SolutionConfigurationPlatforms) = preSolution
		Debug|Any CPU = Debug|Any CPU
		Release|Any CPU = Release|Any CPU
	EndGlobalSection
	GlobalSection(ProjectConfigurationPlatforms) = postSolution
		{72116948-9FC4-438F-AA5E-804F4BAFB7B9}.Debug|Any CPU.ActiveCfg = Debug|Any CPU
		{72116948-9FC4-438F-AA5E-804F4BAFB7B9}.Debug|Any CPU.Build.0 = Debug|Any CPU
		{72116948-9FC4-438F-AA5E-804F4BAFB7B9}.Release|Any CPU.ActiveCfg = Release|Any CPU
		{72116948-9FC4-438F-AA5E-804F4BAFB7B9}.Release|Any CPU.Build.0 = Release|Any CPU
	EndGlobalSection
	GlobalSection(SolutionProperties) = preSolution
		HideSolutionNode = FALSE
	EndGlobalSection
	GlobalSection(ExtensibilityGlobals) = postSolution
		SolutionGuid = {36EC4718-7B35-4A7B-A20C-6973443AA3DF}
	EndGlobalSection
EndGlobal
